// !$*UTF8*$!
{
	archiveVersion = 1;
	classes = {
	};
	objectVersion = 46;
	objects = {

/* Begin PBXBuildFile section */
		44680CE41BB286AA00D3D451 /* AppDelegate.swift in Sources */ = {isa = PBXBuildFile; fileRef = 44680CE31BB286AA00D3D451 /* AppDelegate.swift */; };
		44680CE61BB286AA00D3D451 /* ViewController.swift in Sources */ = {isa = PBXBuildFile; fileRef = 44680CE51BB286AA00D3D451 /* ViewController.swift */; };
		44680CE91BB286AA00D3D451 /* Main.storyboard in Resources */ = {isa = PBXBuildFile; fileRef = 44680CE71BB286AA00D3D451 /* Main.storyboard */; };
		44680CEB1BB286AA00D3D451 /* Assets.xcassets in Resources */ = {isa = PBXBuildFile; fileRef = 44680CEA1BB286AA00D3D451 /* Assets.xcassets */; };
		44680CEE1BB286AA00D3D451 /* LaunchScreen.storyboard in Resources */ = {isa = PBXBuildFile; fileRef = 44680CEC1BB286AA00D3D451 /* LaunchScreen.storyboard */; };
		44680CF91BB286AB00D3D451 /* facebook_pop_helperTests.swift in Sources */ = {isa = PBXBuildFile; fileRef = 44680CF81BB286AB00D3D451 /* facebook_pop_helperTests.swift */; };
		44680D041BB286AB00D3D451 /* facebook_pop_helperUITests.swift in Sources */ = {isa = PBXBuildFile; fileRef = 44680D031BB286AB00D3D451 /* facebook_pop_helperUITests.swift */; };
/* End PBXBuildFile section */

/* Begin PBXContainerItemProxy section */
		44680CF51BB286AB00D3D451 /* PBXContainerItemProxy */ = {
			isa = PBXContainerItemProxy;
			containerPortal = 44680CD81BB286AA00D3D451 /* Project object */;
			proxyType = 1;
			remoteGlobalIDString = 44680CDF1BB286AA00D3D451;
			remoteInfo = facebook_pop_helper;
		};
		44680D001BB286AB00D3D451 /* PBXContainerItemProxy */ = {
			isa = PBXContainerItemProxy;
			containerPortal = 44680CD81BB286AA00D3D451 /* Project object */;
			proxyType = 1;
			remoteGlobalIDString = 44680CDF1BB286AA00D3D451;
			remoteInfo = facebook_pop_helper;
		};
/* End PBXContainerItemProxy section */

/* Begin PBXFileReference section */
		44680CE01BB286AA00D3D451 /* facebook_pop_helper.app */ = {isa = PBXFileReference; explicitFileType = wrapper.application; includeInIndex = 0; path = facebook_pop_helper.app; sourceTree = BUILT_PRODUCTS_DIR; };
		44680CE31BB286AA00D3D451 /* AppDelegate.swift */ = {isa = PBXFileReference; lastKnownFileType = sourcecode.swift; path = AppDelegate.swift; sourceTree = "<group>"; };
		44680CE51BB286AA00D3D451 /* ViewController.swift */ = {isa = PBXFileReference; lastKnownFileType = sourcecode.swift; path = ViewController.swift; sourceTree = "<group>"; };
		44680CE81BB286AA00D3D451 /* Base */ = {isa = PBXFileReference; lastKnownFileType = file.storyboard; name = Base; path = Base.lproj/Main.storyboard; sourceTree = "<group>"; };
		44680CEA1BB286AA00D3D451 /* Assets.xcassets */ = {isa = PBXFileReference; lastKnownFileType = folder.assetcatalog; path = Assets.xcassets; sourceTree = "<group>"; };
		44680CED1BB286AA00D3D451 /* Base */ = {isa = PBXFileReference; lastKnownFileType = file.storyboard; name = Base; path = Base.lproj/LaunchScreen.storyboard; sourceTree = "<group>"; };
		44680CEF1BB286AA00D3D451 /* Info.plist */ = {isa = PBXFileReference; lastKnownFileType = text.plist.xml; path = Info.plist; sourceTree = "<group>"; };
		44680CF41BB286AB00D3D451 /* facebook_pop_helperTests.xctest */ = {isa = PBXFileReference; explicitFileType = wrapper.cfbundle; includeInIndex = 0; path = facebook_pop_helperTests.xctest; sourceTree = BUILT_PRODUCTS_DIR; };
		44680CF81BB286AB00D3D451 /* facebook_pop_helperTests.swift */ = {isa = PBXFileReference; lastKnownFileType = sourcecode.swift; path = facebook_pop_helperTests.swift; sourceTree = "<group>"; };
		44680CFA1BB286AB00D3D451 /* Info.plist */ = {isa = PBXFileReference; lastKnownFileType = text.plist.xml; path = Info.plist; sourceTree = "<group>"; };
		44680CFF1BB286AB00D3D451 /* facebook_pop_helperUITests.xctest */ = {isa = PBXFileReference; explicitFileType = wrapper.cfbundle; includeInIndex = 0; path = facebook_pop_helperUITests.xctest; sourceTree = BUILT_PRODUCTS_DIR; };
		44680D031BB286AB00D3D451 /* facebook_pop_helperUITests.swift */ = {isa = PBXFileReference; lastKnownFileType = sourcecode.swift; path = facebook_pop_helperUITests.swift; sourceTree = "<group>"; };
		44680D051BB286AB00D3D451 /* Info.plist */ = {isa = PBXFileReference; lastKnownFileType = text.plist.xml; path = Info.plist; sourceTree = "<group>"; };
/* End PBXFileReference section */

/* Begin PBXFrameworksBuildPhase section */
		44680CDD1BB286AA00D3D451 /* Frameworks */ = {
			isa = PBXFrameworksBuildPhase;
			buildActionMask = 2147483647;
			files = (
			);
			runOnlyForDeploymentPostprocessing = 0;
		};
		44680CF11BB286AB00D3D451 /* Frameworks */ = {
			isa = PBXFrameworksBuildPhase;
			buildActionMask = 2147483647;
			files = (
			);
			runOnlyForDeploymentPostprocessing = 0;
		};
		44680CFC1BB286AB00D3D451 /* Frameworks */ = {
			isa = PBXFrameworksBuildPhase;
			buildActionMask = 2147483647;
			files = (
			);
			runOnlyForDeploymentPostprocessing = 0;
		};
/* End PBXFrameworksBuildPhase section */

/* Begin PBXGroup section */
		44680CD71BB286AA00D3D451 = {
			isa = PBXGroup;
			children = (
				44680CE21BB286AA00D3D451 /* facebook_pop_helper */,
				44680CF71BB286AB00D3D451 /* facebook_pop_helperTests */,
				44680D021BB286AB00D3D451 /* facebook_pop_helperUITests */,
				44680CE11BB286AA00D3D451 /* Products */,
			);
			sourceTree = "<group>";
		};
		44680CE11BB286AA00D3D451 /* Products */ = {
			isa = PBXGroup;
			children = (
				44680CE01BB286AA00D3D451 /* facebook_pop_helper.app */,
				44680CF41BB286AB00D3D451 /* facebook_pop_helperTests.xctest */,
				44680CFF1BB286AB00D3D451 /* facebook_pop_helperUITests.xctest */,
			);
			name = Products;
			sourceTree = "<group>";
		};
		44680CE21BB286AA00D3D451 /* facebook_pop_helper */ = {
			isa = PBXGroup;
			children = (
				44680CE31BB286AA00D3D451 /* AppDelegate.swift */,
				44680CE51BB286AA00D3D451 /* ViewController.swift */,
				44680CE71BB286AA00D3D451 /* Main.storyboard */,
				44680CEA1BB286AA00D3D451 /* Assets.xcassets */,
				44680CEC1BB286AA00D3D451 /* LaunchScreen.storyboard */,
				44680CEF1BB286AA00D3D451 /* Info.plist */,
			);
			path = facebook_pop_helper;
			sourceTree = "<group>";
		};
		44680CF71BB286AB00D3D451 /* facebook_pop_helperTests */ = {
			isa = PBXGroup;
			children = (
				44680CF81BB286AB00D3D451 /* facebook_pop_helperTests.swift */,
				44680CFA1BB286AB00D3D451 /* Info.plist */,
			);
			path = facebook_pop_helperTests;
			sourceTree = "<group>";
		};
		44680D021BB286AB00D3D451 /* facebook_pop_helperUITests */ = {
			isa = PBXGroup;
			children = (
				44680D031BB286AB00D3D451 /* facebook_pop_helperUITests.swift */,
				44680D051BB286AB00D3D451 /* Info.plist */,
			);
			path = facebook_pop_helperUITests;
			sourceTree = "<group>";
		};
/* End PBXGroup section */

/* Begin PBXNativeTarget section */
		44680CDF1BB286AA00D3D451 /* facebook_pop_helper */ = {
			isa = PBXNativeTarget;
			buildConfigurationList = 44680D081BB286AB00D3D451 /* Build configuration list for PBXNativeTarget "facebook_pop_helper" */;
			buildPhases = (
				44680CDC1BB286AA00D3D451 /* Sources */,
				44680CDD1BB286AA00D3D451 /* Frameworks */,
				44680CDE1BB286AA00D3D451 /* Resources */,
			);
			buildRules = (
			);
			dependencies = (
			);
			name = facebook_pop_helper;
			productName = facebook_pop_helper;
			productReference = 44680CE01BB286AA00D3D451 /* facebook_pop_helper.app */;
			productType = "com.apple.product-type.application";
		};
		44680CF31BB286AB00D3D451 /* facebook_pop_helperTests */ = {
			isa = PBXNativeTarget;
			buildConfigurationList = 44680D0B1BB286AB00D3D451 /* Build configuration list for PBXNativeTarget "facebook_pop_helperTests" */;
			buildPhases = (
				44680CF01BB286AB00D3D451 /* Sources */,
				44680CF11BB286AB00D3D451 /* Frameworks */,
				44680CF21BB286AB00D3D451 /* Resources */,
			);
			buildRules = (
			);
			dependencies = (
				44680CF61BB286AB00D3D451 /* PBXTargetDependency */,
			);
			name = facebook_pop_helperTests;
			productName = facebook_pop_helperTests;
			productReference = 44680CF41BB286AB00D3D451 /* facebook_pop_helperTests.xctest */;
			productType = "com.apple.product-type.bundle.unit-test";
		};
		44680CFE1BB286AB00D3D451 /* facebook_pop_helperUITests */ = {
			isa = PBXNativeTarget;
			buildConfigurationList = 44680D0E1BB286AB00D3D451 /* Build configuration list for PBXNativeTarget "facebook_pop_helperUITests" */;
			buildPhases = (
				44680CFB1BB286AB00D3D451 /* Sources */,
				44680CFC1BB286AB00D3D451 /* Frameworks */,
				44680CFD1BB286AB00D3D451 /* Resources */,
			);
			buildRules = (
			);
			dependencies = (
				44680D011BB286AB00D3D451 /* PBXTargetDependency */,
			);
			name = facebook_pop_helperUITests;
			productName = facebook_pop_helperUITests;
			productReference = 44680CFF1BB286AB00D3D451 /* facebook_pop_helperUITests.xctest */;
			productType = "com.apple.product-type.bundle.ui-testing";
		};
/* End PBXNativeTarget section */

/* Begin PBXProject section */
		44680CD81BB286AA00D3D451 /* Project object */ = {
			isa = PBXProject;
			attributes = {
				LastUpgradeCheck = 0700;
				ORGANIZATIONNAME = David;
				TargetAttributes = {
					44680CDF1BB286AA00D3D451 = {
						CreatedOnToolsVersion = 7.0;
					};
					44680CF31BB286AB00D3D451 = {
						CreatedOnToolsVersion = 7.0;
						TestTargetID = 44680CDF1BB286AA00D3D451;
					};
					44680CFE1BB286AB00D3D451 = {
						CreatedOnToolsVersion = 7.0;
						TestTargetID = 44680CDF1BB286AA00D3D451;
					};
				};
			};
			buildConfigurationList = 44680CDB1BB286AA00D3D451 /* Build configuration list for PBXProject "facebook_pop_helper" */;
			compatibilityVersion = "Xcode 3.2";
			developmentRegion = English;
			hasScannedForEncodings = 0;
			knownRegions = (
				en,
				Base,
			);
			mainGroup = 44680CD71BB286AA00D3D451;
			productRefGroup = 44680CE11BB286AA00D3D451 /* Products */;
			projectDirPath = "";
			projectRoot = "";
			targets = (
				44680CDF1BB286AA00D3D451 /* facebook_pop_helper */,
				44680CF31BB286AB00D3D451 /* facebook_pop_helperTests */,
				44680CFE1BB286AB00D3D451 /* facebook_pop_helperUITests */,
			);
		};
/* End PBXProject section */

/* Begin PBXResourcesBuildPhase section */
		44680CDE1BB286AA00D3D451 /* Resources */ = {
			isa = PBXResourcesBuildPhase;
			buildActionMask = 2147483647;
			files = (
				44680CEE1BB286AA00D3D451 /* LaunchScreen.storyboard in Resources */,
				44680CEB1BB286AA00D3D451 /* Assets.xcassets in Resources */,
				44680CE91BB286AA00D3D451 /* Main.storyboard in Resources */,
			);
			runOnlyForDeploymentPostprocessing = 0;
		};
		44680CF21BB286AB00D3D451 /* Resources */ = {
			isa = PBXResourcesBuildPhase;
			buildActionMask = 2147483647;
			files = (
			);
			runOnlyForDeploymentPostprocessing = 0;
		};
		44680CFD1BB286AB00D3D451 /* Resources */ = {
			isa = PBXResourcesBuildPhase;
			buildActionMask = 2147483647;
			files = (
			);
			runOnlyForDeploymentPostprocessing = 0;
		};
/* End PBXResourcesBuildPhase section */

/* Begin PBXSourcesBuildPhase section */
		44680CDC1BB286AA00D3D451 /* Sources */ = {
			isa = PBXSourcesBuildPhase;
			buildActionMask = 2147483647;
			files = (
				44680CE61BB286AA00D3D451 /* ViewController.swift in Sources */,
				44680CE41BB286AA00D3D451 /* AppDelegate.swift in Sources */,
			);
			runOnlyForDeploymentPostprocessing = 0;
		};
		44680CF01BB286AB00D3D451 /* Sources */ = {
			isa = PBXSourcesBuildPhase;
			buildActionMask = 2147483647;
			files = (
				44680CF91BB286AB00D3D451 /* facebook_pop_helperTests.swift in Sources */,
			);
			runOnlyForDeploymentPostprocessing = 0;
		};
		44680CFB1BB286AB00D3D451 /* Sources */ = {
			isa = PBXSourcesBuildPhase;
			buildActionMask = 2147483647;
			files = (
				44680D041BB286AB00D3D451 /* facebook_pop_helperUITests.swift in Sources */,
			);
			runOnlyForDeploymentPostprocessing = 0;
		};
/* End PBXSourcesBuildPhase section */

/* Begin PBXTargetDependency section */
		44680CF61BB286AB00D3D451 /* PBXTargetDependency */ = {
			isa = PBXTargetDependency;
			target = 44680CDF1BB286AA00D3D451 /* facebook_pop_helper */;
			targetProxy = 44680CF51BB286AB00D3D451 /* PBXContainerItemProxy */;
		};
		44680D011BB286AB00D3D451 /* PBXTargetDependency */ = {
			isa = PBXTargetDependency;
			target = 44680CDF1BB286AA00D3D451 /* facebook_pop_helper */;
			targetProxy = 44680D001BB286AB00D3D451 /* PBXContainerItemProxy */;
		};
/* End PBXTargetDependency section */

/* Begin PBXVariantGroup section */
		44680CE71BB286AA00D3D451 /* Main.storyboard */ = {
			isa = PBXVariantGroup;
			children = (
				44680CE81BB286AA00D3D451 /* Base */,
			);
			name = Main.storyboard;
			sourceTree = "<group>";
		};
		44680CEC1BB286AA00D3D451 /* LaunchScreen.storyboard */ = {
			isa = PBXVariantGroup;
			children = (
				44680CED1BB286AA00D3D451 /* Base */,
			);
			name = LaunchScreen.storyboard;
			sourceTree = "<group>";
		};
/* End PBXVariantGroup section */

/* Begin XCBuildConfiguration section */
		44680D061BB286AB00D3D451 /* Debug */ = {
			isa = XCBuildConfiguration;
			buildSettings = {
				ALWAYS_SEARCH_USER_PATHS = NO;
				CLANG_CXX_LANGUAGE_STANDARD = "gnu++0x";
				CLANG_CXX_LIBRARY = "libc++";
				CLANG_ENABLE_MODULES = YES;
				CLANG_ENABLE_OBJC_ARC = YES;
				CLANG_WARN_BOOL_CONVERSION = YES;
				CLANG_WARN_CONSTANT_CONVERSION = YES;
				CLANG_WARN_DIRECT_OBJC_ISA_USAGE = YES_ERROR;
				CLANG_WARN_EMPTY_BODY = YES;
				CLANG_WARN_ENUM_CONVERSION = YES;
				CLANG_WARN_INT_CONVERSION = YES;
				CLANG_WARN_OBJC_ROOT_CLASS = YES_ERROR;
				CLANG_WARN_UNREACHABLE_CODE = YES;
				CLANG_WARN__DUPLICATE_METHOD_MATCH = YES;
				"CODE_SIGN_IDENTITY[sdk=iphoneos*]" = "iPhone Developer";
				COPY_PHASE_STRIP = NO;
				DEBUG_INFORMATION_FORMAT = dwarf;
				ENABLE_STRICT_OBJC_MSGSEND = YES;
				ENABLE_TESTABILITY = YES;
				GCC_C_LANGUAGE_STANDARD = gnu99;
				GCC_DYNAMIC_NO_PIC = NO;
				GCC_NO_COMMON_BLOCKS = YES;
				GCC_OPTIMIZATION_LEVEL = 0;
				GCC_PREPROCESSOR_DEFINITIONS = (
					"DEBUG=1",
					"$(inherited)",
				);
				GCC_WARN_64_TO_32_BIT_CONVERSION = YES;
				GCC_WARN_ABOUT_RETURN_TYPE = YES_ERROR;
				GCC_WARN_UNDECLARED_SELECTOR = YES;
				GCC_WARN_UNINITIALIZED_AUTOS = YES_AGGRESSIVE;
				GCC_WARN_UNUSED_FUNCTION = YES;
				GCC_WARN_UNUSED_VARIABLE = YES;
				IPHONEOS_DEPLOYMENT_TARGET = 9.0;
				MTL_ENABLE_DEBUG_INFO = YES;
				ONLY_ACTIVE_ARCH = YES;
				SDKROOT = iphoneos;
				SWIFT_OPTIMIZATION_LEVEL = "-Onone";
			};
			name = Debug;
		};
		44680D071BB286AB00D3D451 /* Release */ = {
			isa = XCBuildConfiguration;
			buildSettings = {
				ALWAYS_SEARCH_USER_PATHS = NO;
				CLANG_CXX_LANGUAGE_STANDARD = "gnu++0x";
				CLANG_CXX_LIBRARY = "libc++";
				CLANG_ENABLE_MODULES = YES;
				CLANG_ENABLE_OBJC_ARC = YES;
				CLANG_WARN_BOOL_CONVERSION = YES;
				CLANG_WARN_CONSTANT_CONVERSION = YES;
				CLANG_WARN_DIRECT_OBJC_ISA_USAGE = YES_ERROR;
				CLANG_WARN_EMPTY_BODY = YES;
				CLANG_WARN_ENUM_CONVERSION = YES;
				CLANG_WARN_INT_CONVERSION = YES;
				CLANG_WARN_OBJC_ROOT_CLASS = YES_ERROR;
				CLANG_WARN_UNREACHABLE_CODE = YES;
				CLANG_WARN__DUPLICATE_METHOD_MATCH = YES;
				"CODE_SIGN_IDENTITY[sdk=iphoneos*]" = "iPhone Developer";
				COPY_PHASE_STRIP = NO;
				DEBUG_INFORMATION_FORMAT = "dwarf-with-dsym";
				ENABLE_NS_ASSERTIONS = NO;
				ENABLE_STRICT_OBJC_MSGSEND = YES;
				GCC_C_LANGUAGE_STANDARD = gnu99;
				GCC_NO_COMMON_BLOCKS = YES;
				GCC_WARN_64_TO_32_BIT_CONVERSION = YES;
				GCC_WARN_ABOUT_RETURN_TYPE = YES_ERROR;
				GCC_WARN_UNDECLARED_SELECTOR = YES;
				GCC_WARN_UNINITIALIZED_AUTOS = YES_AGGRESSIVE;
				GCC_WARN_UNUSED_FUNCTION = YES;
				GCC_WARN_UNUSED_VARIABLE = YES;
				IPHONEOS_DEPLOYMENT_TARGET = 9.0;
				MTL_ENABLE_DEBUG_INFO = NO;
				SDKROOT = iphoneos;
				VALIDATE_PRODUCT = YES;
			};
			name = Release;
		};
		44680D091BB286AB00D3D451 /* Debug */ = {
			isa = XCBuildConfiguration;
			buildSettings = {
				ASSETCATALOG_COMPILER_APPICON_NAME = AppIcon;
				INFOPLIST_FILE = facebook_pop_helper/Info.plist;
				LD_RUNPATH_SEARCH_PATHS = "$(inherited) @executable_path/Frameworks";
				PRODUCT_BUNDLE_IDENTIFIER = "com.biggerdreamstudio.facebook-pop-helper";
				PRODUCT_NAME = "$(TARGET_NAME)";
			};
			name = Debug;
		};
		44680D0A1BB286AB00D3D451 /* Release */ = {
			isa = XCBuildConfiguration;
			buildSettings = {
				ASSETCATALOG_COMPILER_APPICON_NAME = AppIcon;
				INFOPLIST_FILE = facebook_pop_helper/Info.plist;
				LD_RUNPATH_SEARCH_PATHS = "$(inherited) @executable_path/Frameworks";
				PRODUCT_BUNDLE_IDENTIFIER = "com.biggerdreamstudio.facebook-pop-helper";
				PRODUCT_NAME = "$(TARGET_NAME)";
			};
			name = Release;
		};
		44680D0C1BB286AB00D3D451 /* Debug */ = {
			isa = XCBuildConfiguration;
			buildSettings = {
				BUNDLE_LOADER = "$(TEST_HOST)";
				INFOPLIST_FILE = facebook_pop_helperTests/Info.plist;
				LD_RUNPATH_SEARCH_PATHS = "$(inherited) @executable_path/Frameworks @loader_path/Frameworks";
				PRODUCT_BUNDLE_IDENTIFIER = "com.biggerdreamstudio.facebook-pop-helperTests";
				PRODUCT_NAME = "$(TARGET_NAME)";
				TEST_HOST = "$(BUILT_PRODUCTS_DIR)/facebook_pop_helper.app/facebook_pop_helper";
			};
			name = Debug;
		};
		44680D0D1BB286AB00D3D451 /* Release */ = {
			isa = XCBuildConfiguration;
			buildSettings = {
				BUNDLE_LOADER = "$(TEST_HOST)";
				INFOPLIST_FILE = facebook_pop_helperTests/Info.plist;
				LD_RUNPATH_SEARCH_PATHS = "$(inherited) @executable_path/Frameworks @loader_path/Frameworks";
				PRODUCT_BUNDLE_IDENTIFIER = "com.biggerdreamstudio.facebook-pop-helperTests";
				PRODUCT_NAME = "$(TARGET_NAME)";
				TEST_HOST = "$(BUILT_PRODUCTS_DIR)/facebook_pop_helper.app/facebook_pop_helper";
			};
			name = Release;
		};
		44680D0F1BB286AB00D3D451 /* Debug */ = {
			isa = XCBuildConfiguration;
			buildSettings = {
				INFOPLIST_FILE = facebook_pop_helperUITests/Info.plist;
				LD_RUNPATH_SEARCH_PATHS = "$(inherited) @executable_path/Frameworks @loader_path/Frameworks";
				PRODUCT_BUNDLE_IDENTIFIER = "com.biggerdreamstudio.facebook-pop-helperUITests";
				PRODUCT_NAME = "$(TARGET_NAME)";
				TEST_TARGET_NAME = facebook_pop_helper;
				USES_XCTRUNNER = YES;
			};
			name = Debug;
		};
		44680D101BB286AB00D3D451 /* Release */ = {
			isa = XCBuildConfiguration;
			buildSettings = {
				INFOPLIST_FILE = facebook_pop_helperUITests/Info.plist;
				LD_RUNPATH_SEARCH_PATHS = "$(inherited) @executable_path/Frameworks @loader_path/Frameworks";
				PRODUCT_BUNDLE_IDENTIFIER = "com.biggerdreamstudio.facebook-pop-helperUITests";
				PRODUCT_NAME = "$(TARGET_NAME)";
				TEST_TARGET_NAME = facebook_pop_helper;
				USES_XCTRUNNER = YES;
			};
			name = Release;
		};
/* End XCBuildConfiguration section */

/* Begin XCConfigurationList section */
		44680CDB1BB286AA00D3D451 /* Build configuration list for PBXProject "facebook_pop_helper" */ = {
			isa = XCConfigurationList;
			buildConfigurations = (
				44680D061BB286AB00D3D451 /* Debug */,
				44680D071BB286AB00D3D451 /* Release */,
			);
			defaultConfigurationIsVisible = 0;
			defaultConfigurationName = Release;
		};
		44680D081BB286AB00D3D451 /* Build configuration list for PBXNativeTarget "facebook_pop_helper" */ = {
			isa = XCConfigurationList;
			buildConfigurations = (
				44680D091BB286AB00D3D451 /* Debug */,
				44680D0A1BB286AB00D3D451 /* Release */,
			);
			defaultConfigurationIsVisible = 0;
		};
		44680D0B1BB286AB00D3D451 /* Build configuration list for PBXNativeTarget "facebook_pop_helperTests" */ = {
			isa = XCConfigurationList;
			buildConfigurations = (
				44680D0C1BB286AB00D3D451 /* Debug */,
				44680D0D1BB286AB00D3D451 /* Release */,
			);
			defaultConfigurationIsVisible = 0;
		};
		44680D0E1BB286AB00D3D451 /* Build configuration list for PBXNativeTarget "facebook_pop_helperUITests" */ = {
			isa = XCConfigurationList;
			buildConfigurations = (
				44680D0F1BB286AB00D3D451 /* Debug */,
				44680D101BB286AB00D3D451 /* Release */,
			);
			defaultConfigurationIsVisible = 0;
		};
/* End XCConfigurationList section */
	};
	rootObject = 44680CD81BB286AA00D3D451 /* Project object */;
}
